
Microsoft Visual Studio Solution File, Format Version 12.00
# Visual Studio 15
VisualStudioVersion = 15.0.28307.1169
MinimumVisualStudioVersion = 10.0.40219.1
Project("{FAE04EC0-301F-11D3-BF4B-00C04F79EFBC}") = "GraphicsAssignment", "GraphicsAssignment\GraphicsAssignment.csproj", "{3E5DAFD7-B087-46A1-9667-314D86035864}"
EndProject
Project("{FAE04EC0-301F-11D3-BF4B-00C04F79EFBC}") = "GraphicsAssignmentWPFVersion", "GraphicsAssignmentWPFVersion\GraphicsAssignmentWPFVersion.csproj", "{4DDE4D83-5614-467C-B66E-545DB6C133A1}"
EndProject
Global
	GlobalSection(SolutionConfigurationPlatforms) = preSolution
		Debug|Any CPU = Debug|Any CPU
		Release|Any CPU = Release|Any CPU
	EndGlobalSection
	GlobalSection(ProjectConfigurationPlatforms) = postSolution
		{3E5DAFD7-B087-46A1-9667-314D86035864}.Debug|Any CPU.ActiveCfg = Debug|Any CPU
		{3E5DAFD7-B087-46A1-9667-314D86035864}.Debug|Any CPU.Build.0 = Debug|Any CPU
		{3E5DAFD7-B087-46A1-9667-314D86035864}.Release|Any CPU.ActiveCfg = Release|Any CPU
		{3E5DAFD7-B087-46A1-9667-314D86035864}.Release|Any CPU.Build.0 = Release|Any CPU
		{4DDE4D83-5614-467C-B66E-545DB6C133A1}.Debug|Any CPU.ActiveCfg = Debug|Any CPU
		{4DDE4D83-5614-467C-B66E-545DB6C133A1}.Debug|Any CPU.Build.0 = Debug|Any CPU
		{4DDE4D83-5614-467C-B66E-545DB6C133A1}.Release|Any CPU.ActiveCfg = Release|Any CPU
		{4DDE4D83-5614-467C-B66E-545DB6C133A1}.Release|Any CPU.Build.0 = Release|Any CPU
	EndGlobalSection
	GlobalSection(SolutionProperties) = preSolution
		HideSolutionNode = FALSE
	EndGlobalSection
	GlobalSection(ExtensibilityGlobals) = postSolution
		SolutionGuid = {4C7F01D0-F0CE-4DEC-BAC8-B15588008EE2}
	EndGlobalSection
EndGlobal
